// !$*UTF8*$!
{
	archiveVersion = 1;
	classes = {
	};
	objectVersion = 55;
	objects = {

/* Begin PBXBuildFile section */
		B325ECB62977C619003E9A2E /* RepositoryListViewController.swift in Sources */ = {isa = PBXBuildFile; fileRef = B325ECB52977C619003E9A2E /* RepositoryListViewController.swift */; };
		B325ECB82977DD04003E9A2E /* RepositoryListCell.swift in Sources */ = {isa = PBXBuildFile; fileRef = B325ECB72977DD04003E9A2E /* RepositoryListCell.swift */; };
		B325ECBE2977DEBD003E9A2E /* SnapKit in Frameworks */ = {isa = PBXBuildFile; productRef = B325ECBD2977DEBD003E9A2E /* SnapKit */; };
		B3B2658229752E2200BD9454 /* AppDelegate.swift in Sources */ = {isa = PBXBuildFile; fileRef = B3B2658129752E2200BD9454 /* AppDelegate.swift */; };
		B3B2658429752E2200BD9454 /* SceneDelegate.swift in Sources */ = {isa = PBXBuildFile; fileRef = B3B2658329752E2200BD9454 /* SceneDelegate.swift */; };
		B3B2658B29752E2400BD9454 /* Assets.xcassets in Resources */ = {isa = PBXBuildFile; fileRef = B3B2658A29752E2400BD9454 /* Assets.xcassets */; };
		B3B2658E29752E2400BD9454 /* LaunchScreen.storyboard in Resources */ = {isa = PBXBuildFile; fileRef = B3B2658C29752E2400BD9454 /* LaunchScreen.storyboard */; };
		B3EF865D298791C200869F64 /* Repository.swift in Sources */ = {isa = PBXBuildFile; fileRef = B3EF865C298791C200869F64 /* Repository.swift */; };
		D133C43EDCD21BF221AC0259 /* Pods_GitHubRepositoryApp.framework in Frameworks */ = {isa = PBXBuildFile; fileRef = E362DCC8F7CA077DDB7EB77D /* Pods_GitHubRepositoryApp.framework */; };
/* End PBXBuildFile section */

/* Begin PBXFileReference section */
		514D79966CFDE3AF9181639F /* Pods-GitHubRepositoryApp.debug.xcconfig */ = {isa = PBXFileReference; includeInIndex = 1; lastKnownFileType = text.xcconfig; name = "Pods-GitHubRepositoryApp.debug.xcconfig"; path = "Target Support Files/Pods-GitHubRepositoryApp/Pods-GitHubRepositoryApp.debug.xcconfig"; sourceTree = "<group>"; };
		6F61455ABD5A3A3108FA38A0 /* Pods-GitHubRepositoryApp.release.xcconfig */ = {isa = PBXFileReference; includeInIndex = 1; lastKnownFileType = text.xcconfig; name = "Pods-GitHubRepositoryApp.release.xcconfig"; path = "Target Support Files/Pods-GitHubRepositoryApp/Pods-GitHubRepositoryApp.release.xcconfig"; sourceTree = "<group>"; };
		B325ECB52977C619003E9A2E /* RepositoryListViewController.swift */ = {isa = PBXFileReference; lastKnownFileType = sourcecode.swift; path = RepositoryListViewController.swift; sourceTree = "<group>"; };
		B325ECB72977DD04003E9A2E /* RepositoryListCell.swift */ = {isa = PBXFileReference; lastKnownFileType = sourcecode.swift; path = RepositoryListCell.swift; sourceTree = "<group>"; };
		B3B2657E29752E2200BD9454 /* GitHubRepositoryApp.app */ = {isa = PBXFileReference; explicitFileType = wrapper.application; includeInIndex = 0; path = GitHubRepositoryApp.app; sourceTree = BUILT_PRODUCTS_DIR; };
		B3B2658129752E2200BD9454 /* AppDelegate.swift */ = {isa = PBXFileReference; lastKnownFileType = sourcecode.swift; path = AppDelegate.swift; sourceTree = "<group>"; };
		B3B2658329752E2200BD9454 /* SceneDelegate.swift */ = {isa = PBXFileReference; lastKnownFileType = sourcecode.swift; path = SceneDelegate.swift; sourceTree = "<group>"; };
		B3B2658A29752E2400BD9454 /* Assets.xcassets */ = {isa = PBXFileReference; lastKnownFileType = folder.assetcatalog; path = Assets.xcassets; sourceTree = "<group>"; };
		B3B2658D29752E2400BD9454 /* Base */ = {isa = PBXFileReference; lastKnownFileType = file.storyboard; name = Base; path = Base.lproj/LaunchScreen.storyboard; sourceTree = "<group>"; };
		B3B2658F29752E2400BD9454 /* Info.plist */ = {isa = PBXFileReference; lastKnownFileType = text.plist.xml; path = Info.plist; sourceTree = "<group>"; };
		B3EF865C298791C200869F64 /* Repository.swift */ = {isa = PBXFileReference; lastKnownFileType = sourcecode.swift; path = Repository.swift; sourceTree = "<group>"; };
		E362DCC8F7CA077DDB7EB77D /* Pods_GitHubRepositoryApp.framework */ = {isa = PBXFileReference; explicitFileType = wrapper.framework; includeInIndex = 0; path = Pods_GitHubRepositoryApp.framework; sourceTree = BUILT_PRODUCTS_DIR; };
/* End PBXFileReference section */

/* Begin PBXFrameworksBuildPhase section */
		B3B2657B29752E2200BD9454 /* Frameworks */ = {
			isa = PBXFrameworksBuildPhase;
			buildActionMask = 2147483647;
			files = (
				D133C43EDCD21BF221AC0259 /* Pods_GitHubRepositoryApp.framework in Frameworks */,
				B325ECBE2977DEBD003E9A2E /* SnapKit in Frameworks */,
			);
			runOnlyForDeploymentPostprocessing = 0;
		};
/* End PBXFrameworksBuildPhase section */

/* Begin PBXGroup section */
		1F5723209C7B2A942C1FCB9D /* Frameworks */ = {
			isa = PBXGroup;
			children = (
				E362DCC8F7CA077DDB7EB77D /* Pods_GitHubRepositoryApp.framework */,
			);
			name = Frameworks;
			sourceTree = "<group>";
		};
		582ACFA82241FD7296077739 /* Pods */ = {
			isa = PBXGroup;
			children = (
				514D79966CFDE3AF9181639F /* Pods-GitHubRepositoryApp.debug.xcconfig */,
				6F61455ABD5A3A3108FA38A0 /* Pods-GitHubRepositoryApp.release.xcconfig */,
			);
			path = Pods;
			sourceTree = "<group>";
		};
		B3B2657529752E2200BD9454 = {
			isa = PBXGroup;
			children = (
				B3B2658029752E2200BD9454 /* GitHubRepositoryApp */,
				B3B2657F29752E2200BD9454 /* Products */,
				582ACFA82241FD7296077739 /* Pods */,
				1F5723209C7B2A942C1FCB9D /* Frameworks */,
			);
			sourceTree = "<group>";
		};
		B3B2657F29752E2200BD9454 /* Products */ = {
			isa = PBXGroup;
			children = (
				B3B2657E29752E2200BD9454 /* GitHubRepositoryApp.app */,
			);
			name = Products;
			sourceTree = "<group>";
		};
		B3B2658029752E2200BD9454 /* GitHubRepositoryApp */ = {
			isa = PBXGroup;
			children = (
				B3B2658129752E2200BD9454 /* AppDelegate.swift */,
				B3B2658329752E2200BD9454 /* SceneDelegate.swift */,
				B325ECB52977C619003E9A2E /* RepositoryListViewController.swift */,
				B325ECB72977DD04003E9A2E /* RepositoryListCell.swift */,
				B3EF865C298791C200869F64 /* Repository.swift */,
				B3B2658A29752E2400BD9454 /* Assets.xcassets */,
				B3B2658C29752E2400BD9454 /* LaunchScreen.storyboard */,
				B3B2658F29752E2400BD9454 /* Info.plist */,
			);
			path = GitHubRepositoryApp;
			sourceTree = "<group>";
		};
/* End PBXGroup section */

/* Begin PBXNativeTarget section */
		B3B2657D29752E2200BD9454 /* GitHubRepositoryApp */ = {
			isa = PBXNativeTarget;
			buildConfigurationList = B3B2659229752E2400BD9454 /* Build configuration list for PBXNativeTarget "GitHubRepositoryApp" */;
			buildPhases = (
				8E80329B1F6B0F8E043E8298 /* [CP] Check Pods Manifest.lock */,
				B3B2657A29752E2200BD9454 /* Sources */,
				B3B2657B29752E2200BD9454 /* Frameworks */,
				B3B2657C29752E2200BD9454 /* Resources */,
				3093619C77133F91071EDEBF /* [CP] Embed Pods Frameworks */,
			);
			buildRules = (
			);
			dependencies = (
			);
			name = GitHubRepositoryApp;
			packageProductDependencies = (
				B325ECBD2977DEBD003E9A2E /* SnapKit */,
			);
			productName = GitHubRepositoryApp;
			productReference = B3B2657E29752E2200BD9454 /* GitHubRepositoryApp.app */;
			productType = "com.apple.product-type.application";
		};
/* End PBXNativeTarget section */

/* Begin PBXProject section */
		B3B2657629752E2200BD9454 /* Project object */ = {
			isa = PBXProject;
			attributes = {
				BuildIndependentTargetsInParallel = 1;
				LastSwiftUpdateCheck = 1400;
				LastUpgradeCheck = 1400;
				TargetAttributes = {
					B3B2657D29752E2200BD9454 = {
						CreatedOnToolsVersion = 14.0.1;
					};
				};
			};
			buildConfigurationList = B3B2657929752E2200BD9454 /* Build configuration list for PBXProject "GitHubRepositoryApp" */;
			compatibilityVersion = "Xcode 13.0";
			developmentRegion = en;
			hasScannedForEncodings = 0;
			knownRegions = (
				en,
				Base,
			);
			mainGroup = B3B2657529752E2200BD9454;
			packageReferences = (
				B325ECBC2977DEBD003E9A2E /* XCRemoteSwiftPackageReference "SnapKit" */,
			);
			productRefGroup = B3B2657F29752E2200BD9454 /* Products */;
			projectDirPath = "";
			projectRoot = "";
			targets = (
				B3B2657D29752E2200BD9454 /* GitHubRepositoryApp */,
			);
		};
/* End PBXProject section */

/* Begin PBXResourcesBuildPhase section */
		B3B2657C29752E2200BD9454 /* Resources */ = {
			isa = PBXResourcesBuildPhase;
			buildActionMask = 2147483647;
			files = (
				B3B2658E29752E2400BD9454 /* LaunchScreen.storyboard in Resources */,
				B3B2658B29752E2400BD9454 /* Assets.xcassets in Resources */,
			);
			runOnlyForDeploymentPostprocessing = 0;
		};
/* End PBXResourcesBuildPhase section */

/* Begin PBXShellScriptBuildPhase section */
		3093619C77133F91071EDEBF /* [CP] Embed Pods Frameworks */ = {
			isa = PBXShellScriptBuildPhase;
			buildActionMask = 2147483647;
			files = (
			);
			inputFileListPaths = (
				"${PODS_ROOT}/Target Support Files/Pods-GitHubRepositoryApp/Pods-GitHubRepositoryApp-frameworks-${CONFIGURATION}-input-files.xcfilelist",
			);
			name = "[CP] Embed Pods Frameworks";
			outputFileListPaths = (
				"${PODS_ROOT}/Target Support Files/Pods-GitHubRepositoryApp/Pods-GitHubRepositoryApp-frameworks-${CONFIGURATION}-output-files.xcfilelist",
			);
			runOnlyForDeploymentPostprocessing = 0;
			shellPath = /bin/sh;
			shellScript = "\"${PODS_ROOT}/Target Support Files/Pods-GitHubRepositoryApp/Pods-GitHubRepositoryApp-frameworks.sh\"\n";
			showEnvVarsInLog = 0;
		};
		8E80329B1F6B0F8E043E8298 /* [CP] Check Pods Manifest.lock */ = {
			isa = PBXShellScriptBuildPhase;
			buildActionMask = 2147483647;
			files = (
			);
			inputFileListPaths = (
			);
			inputPaths = (
				"${PODS_PODFILE_DIR_PATH}/Podfile.lock",
				"${PODS_ROOT}/Manifest.lock",
			);
			name = "[CP] Check Pods Manifest.lock";
			outputFileListPaths = (
			);
			outputPaths = (
				"$(DERIVED_FILE_DIR)/Pods-GitHubRepositoryApp-checkManifestLockResult.txt",
			);
			runOnlyForDeploymentPostprocessing = 0;
			shellPath = /bin/sh;
			shellScript = "diff \"${PODS_PODFILE_DIR_PATH}/Podfile.lock\" \"${PODS_ROOT}/Manifest.lock\" > /dev/null\nif [ $? != 0 ] ; then\n    # print error to STDERR\n    echo \"error: The sandbox is not in sync with the Podfile.lock. Run 'pod install' or update your CocoaPods installation.\" >&2\n    exit 1\nfi\n# This output is used by Xcode 'outputs' to avoid re-running this script phase.\necho \"SUCCESS\" > \"${SCRIPT_OUTPUT_FILE_0}\"\n";
			showEnvVarsInLog = 0;
		};
/* End PBXShellScriptBuildPhase section */

/* Begin PBXSourcesBuildPhase section */
		B3B2657A29752E2200BD9454 /* Sources */ = {
			isa = PBXSourcesBuildPhase;
			buildActionMask = 2147483647;
			files = (
				B3B2658229752E2200BD9454 /* AppDelegate.swift in Sources */,
				B3B2658429752E2200BD9454 /* SceneDelegate.swift in Sources */,
				B3EF865D298791C200869F64 /* Repository.swift in Sources */,
				B325ECB62977C619003E9A2E /* RepositoryListViewController.swift in Sources */,
				B325ECB82977DD04003E9A2E /* RepositoryListCell.swift in Sources */,
			);
			runOnlyForDeploymentPostprocessing = 0;
		};
/* End PBXSourcesBuildPhase section */

/* Begin PBXVariantGroup section */
		B3B2658C29752E2400BD9454 /* LaunchScreen.storyboard */ = {
			isa = PBXVariantGroup;
			children = (
				B3B2658D29752E2400BD9454 /* Base */,
			);
			name = LaunchScreen.storyboard;
			sourceTree = "<group>";
		};
/* End PBXVariantGroup section */

/* Begin XCBuildConfiguration section */
		B3B2659029752E2400BD9454 /* Debug */ = {
			isa = XCBuildConfiguration;
			buildSettings = {
				ALWAYS_SEARCH_USER_PATHS = NO;
				CLANG_ANALYZER_NONNULL = YES;
				CLANG_ANALYZER_NUMBER_OBJECT_CONVERSION = YES_AGGRESSIVE;
				CLANG_CXX_LANGUAGE_STANDARD = "gnu++20";
				CLANG_ENABLE_MODULES = YES;
				CLANG_ENABLE_OBJC_ARC = YES;
				CLANG_ENABLE_OBJC_WEAK = YES;
				CLANG_WARN_BLOCK_CAPTURE_AUTORELEASING = YES;
				CLANG_WARN_BOOL_CONVERSION = YES;
				CLANG_WARN_COMMA = YES;
				CLANG_WARN_CONSTANT_CONVERSION = YES;
				CLANG_WARN_DEPRECATED_OBJC_IMPLEMENTATIONS = YES;
				CLANG_WARN_DIRECT_OBJC_ISA_USAGE = YES_ERROR;
				CLANG_WARN_DOCUMENTATION_COMMENTS = YES;
				CLANG_WARN_EMPTY_BODY = YES;
				CLANG_WARN_ENUM_CONVERSION = YES;
				CLANG_WARN_INFINITE_RECURSION = YES;
				CLANG_WARN_INT_CONVERSION = YES;
				CLANG_WARN_NON_LITERAL_NULL_CONVERSION = YES;
				CLANG_WARN_OBJC_IMPLICIT_RETAIN_SELF = YES;
				CLANG_WARN_OBJC_LITERAL_CONVERSION = YES;
				CLANG_WARN_OBJC_ROOT_CLASS = YES_ERROR;
				CLANG_WARN_QUOTED_INCLUDE_IN_FRAMEWORK_HEADER = YES;
				CLANG_WARN_RANGE_LOOP_ANALYSIS = YES;
				CLANG_WARN_STRICT_PROTOTYPES = YES;
				CLANG_WARN_SUSPICIOUS_MOVE = YES;
				CLANG_WARN_UNGUARDED_AVAILABILITY = YES_AGGRESSIVE;
				CLANG_WARN_UNREACHABLE_CODE = YES;
				CLANG_WARN__DUPLICATE_METHOD_MATCH = YES;
				COPY_PHASE_STRIP = NO;
				DEBUG_INFORMATION_FORMAT = dwarf;
				ENABLE_STRICT_OBJC_MSGSEND = YES;
				ENABLE_TESTABILITY = YES;
				GCC_C_LANGUAGE_STANDARD = gnu11;
				GCC_DYNAMIC_NO_PIC = NO;
				GCC_NO_COMMON_BLOCKS = YES;
				GCC_OPTIMIZATION_LEVEL = 0;
				GCC_PREPROCESSOR_DEFINITIONS = (
					"DEBUG=1",
					"$(inherited)",
				);
				GCC_WARN_64_TO_32_BIT_CONVERSION = YES;
				GCC_WARN_ABOUT_RETURN_TYPE = YES_ERROR;
				GCC_WARN_UNDECLARED_SELECTOR = YES;
				GCC_WARN_UNINITIALIZED_AUTOS = YES_AGGRESSIVE;
				GCC_WARN_UNUSED_FUNCTION = YES;
				GCC_WARN_UNUSED_VARIABLE = YES;
				IPHONEOS_DEPLOYMENT_TARGET = 16.0;
				MTL_ENABLE_DEBUG_INFO = INCLUDE_SOURCE;
				MTL_FAST_MATH = YES;
				ONLY_ACTIVE_ARCH = YES;
				SDKROOT = iphoneos;
				SWIFT_ACTIVE_COMPILATION_CONDITIONS = DEBUG;
				SWIFT_OPTIMIZATION_LEVEL = "-Onone";
			};
			name = Debug;
		};
		B3B2659129752E2400BD9454 /* Release */ = {
			isa = XCBuildConfiguration;
			buildSettings = {
				ALWAYS_SEARCH_USER_PATHS = NO;
				CLANG_ANALYZER_NONNULL = YES;
				CLANG_ANALYZER_NUMBER_OBJECT_CONVERSION = YES_AGGRESSIVE;
				CLANG_CXX_LANGUAGE_STANDARD = "gnu++20";
				CLANG_ENABLE_MODULES = YES;
				CLANG_ENABLE_OBJC_ARC = YES;
				CLANG_ENABLE_OBJC_WEAK = YES;
				CLANG_WARN_BLOCK_CAPTURE_AUTORELEASING = YES;
				CLANG_WARN_BOOL_CONVERSION = YES;
				CLANG_WARN_COMMA = YES;
				CLANG_WARN_CONSTANT_CONVERSION = YES;
				CLANG_WARN_DEPRECATED_OBJC_IMPLEMENTATIONS = YES;
				CLANG_WARN_DIRECT_OBJC_ISA_USAGE = YES_ERROR;
				CLANG_WARN_DOCUMENTATION_COMMENTS = YES;
				CLANG_WARN_EMPTY_BODY = YES;
				CLANG_WARN_ENUM_CONVERSION = YES;
				CLANG_WARN_INFINITE_RECURSION = YES;
				CLANG_WARN_INT_CONVERSION = YES;
				CLANG_WARN_NON_LITERAL_NULL_CONVERSION = YES;
				CLANG_WARN_OBJC_IMPLICIT_RETAIN_SELF = YES;
				CLANG_WARN_OBJC_LITERAL_CONVERSION = YES;
				CLANG_WARN_OBJC_ROOT_CLASS = YES_ERROR;
				CLANG_WARN_QUOTED_INCLUDE_IN_FRAMEWORK_HEADER = YES;
				CLANG_WARN_RANGE_LOOP_ANALYSIS = YES;
				CLANG_WARN_STRICT_PROTOTYPES = YES;
				CLANG_WARN_SUSPICIOUS_MOVE = YES;
				CLANG_WARN_UNGUARDED_AVAILABILITY = YES_AGGRESSIVE;
				CLANG_WARN_UNREACHABLE_CODE = YES;
				CLANG_WARN__DUPLICATE_METHOD_MATCH = YES;
				COPY_PHASE_STRIP = NO;
				DEBUG_INFORMATION_FORMAT = "dwarf-with-dsym";
				ENABLE_NS_ASSERTIONS = NO;
				ENABLE_STRICT_OBJC_MSGSEND = YES;
				GCC_C_LANGUAGE_STANDARD = gnu11;
				GCC_NO_COMMON_BLOCKS = YES;
				GCC_WARN_64_TO_32_BIT_CONVERSION = YES;
				GCC_WARN_ABOUT_RETURN_TYPE = YES_ERROR;
				GCC_WARN_UNDECLARED_SELECTOR = YES;
				GCC_WARN_UNINITIALIZED_AUTOS = YES_AGGRESSIVE;
				GCC_WARN_UNUSED_FUNCTION = YES;
				GCC_WARN_UNUSED_VARIABLE = YES;
				IPHONEOS_DEPLOYMENT_TARGET = 16.0;
				MTL_ENABLE_DEBUG_INFO = NO;
				MTL_FAST_MATH = YES;
				SDKROOT = iphoneos;
				SWIFT_COMPILATION_MODE = wholemodule;
				SWIFT_OPTIMIZATION_LEVEL = "-O";
				VALIDATE_PRODUCT = YES;
			};
			name = Release;
		};
		B3B2659329752E2400BD9454 /* Debug */ = {
			isa = XCBuildConfiguration;
			baseConfigurationReference = 514D79966CFDE3AF9181639F /* Pods-GitHubRepositoryApp.debug.xcconfig */;
			buildSettings = {
				ASSETCATALOG_COMPILER_APPICON_NAME = AppIcon;
				ASSETCATALOG_COMPILER_GLOBAL_ACCENT_COLOR_NAME = AccentColor;
				CODE_SIGN_STYLE = Automatic;
				CURRENT_PROJECT_VERSION = 1;
				DEVELOPMENT_TEAM = 2DBARTRT37;
				GENERATE_INFOPLIST_FILE = YES;
				INFOPLIST_FILE = GitHubRepositoryApp/Info.plist;
				INFOPLIST_KEY_UIApplicationSupportsIndirectInputEvents = YES;
				INFOPLIST_KEY_UILaunchStoryboardName = LaunchScreen;
				INFOPLIST_KEY_UIMainStoryboardFile = Main;
				INFOPLIST_KEY_UISupportedInterfaceOrientations_iPad = "UIInterfaceOrientationPortrait UIInterfaceOrientationPortraitUpsideDown UIInterfaceOrientationLandscapeLeft UIInterfaceOrientationLandscapeRight";
				INFOPLIST_KEY_UISupportedInterfaceOrientations_iPhone = "UIInterfaceOrientationPortrait UIInterfaceOrientationLandscapeLeft UIInterfaceOrientationLandscapeRight";
				LD_RUNPATH_SEARCH_PATHS = (
					"$(inherited)",
					"@executable_path/Frameworks",
				);
				MARKETING_VERSION = 1.0;
				PRODUCT_BUNDLE_IDENTIFIER = com.wony.GitHubRepositoryApp;
				PRODUCT_NAME = "$(TARGET_NAME)";
				SWIFT_EMIT_LOC_STRINGS = YES;
				SWIFT_VERSION = 5.0;
				TARGETED_DEVICE_FAMILY = "1,2";
			};
			name = Debug;
		};
		B3B2659429752E2400BD9454 /* Release */ = {
			isa = XCBuildConfiguration;
			baseConfigurationReference = 6F61455ABD5A3A3108FA38A0 /* Pods-GitHubRepositoryApp.release.xcconfig */;
			buildSettings = {
				ASSETCATALOG_COMPILER_APPICON_NAME = AppIcon;
				ASSETCATALOG_COMPILER_GLOBAL_ACCENT_COLOR_NAME = AccentColor;
				CODE_SIGN_STYLE = Automatic;
				CURRENT_PROJECT_VERSION = 1;
				DEVELOPMENT_TEAM = 2DBARTRT37;
				GENERATE_INFOPLIST_FILE = YES;
				INFOPLIST_FILE = GitHubRepositoryApp/Info.plist;
				INFOPLIST_KEY_UIApplicationSupportsIndirectInputEvents = YES;
				INFOPLIST_KEY_UILaunchStoryboardName = LaunchScreen;
				INFOPLIST_KEY_UIMainStoryboardFile = Main;
				INFOPLIST_KEY_UISupportedInterfaceOrientations_iPad = "UIInterfaceOrientationPortrait UIInterfaceOrientationPortraitUpsideDown UIInterfaceOrientationLandscapeLeft UIInterfaceOrientationLandscapeRight";
				INFOPLIST_KEY_UISupportedInterfaceOrientations_iPhone = "UIInterfaceOrientationPortrait UIInterfaceOrientationLandscapeLeft UIInterfaceOrientationLandscapeRight";
				LD_RUNPATH_SEARCH_PATHS = (
					"$(inherited)",
					"@executable_path/Frameworks",
				);
				MARKETING_VERSION = 1.0;
				PRODUCT_BUNDLE_IDENTIFIER = com.wony.GitHubRepositoryApp;
				PRODUCT_NAME = "$(TARGET_NAME)";
				SWIFT_EMIT_LOC_STRINGS = YES;
				SWIFT_VERSION = 5.0;
				TARGETED_DEVICE_FAMILY = "1,2";
			};
			name = Release;
		};
/* End XCBuildConfiguration section */

/* Begin XCConfigurationList section */
		B3B2657929752E2200BD9454 /* Build configuration list for PBXProject "GitHubRepositoryApp" */ = {
			isa = XCConfigurationList;
			buildConfigurations = (
				B3B2659029752E2400BD9454 /* Debug */,
				B3B2659129752E2400BD9454 /* Release */,
			);
			defaultConfigurationIsVisible = 0;
			defaultConfigurationName = Release;
		};
		B3B2659229752E2400BD9454 /* Build configuration list for PBXNativeTarget "GitHubRepositoryApp" */ = {
			isa = XCConfigurationList;
			buildConfigurations = (
				B3B2659329752E2400BD9454 /* Debug */,
				B3B2659429752E2400BD9454 /* Release */,
			);
			defaultConfigurationIsVisible = 0;
			defaultConfigurationName = Release;
		};
/* End XCConfigurationList section */

/* Begin XCRemoteSwiftPackageReference section */
		B325ECBC2977DEBD003E9A2E /* XCRemoteSwiftPackageReference "SnapKit" */ = {
			isa = XCRemoteSwiftPackageReference;
			repositoryURL = "https://github.com/SnapKit/SnapKit.git";
			requirement = {
				kind = upToNextMajorVersion;
				minimumVersion = 5.0.0;
			};
		};
/* End XCRemoteSwiftPackageReference section */

/* Begin XCSwiftPackageProductDependency section */
		B325ECBD2977DEBD003E9A2E /* SnapKit */ = {
			isa = XCSwiftPackageProductDependency;
			package = B325ECBC2977DEBD003E9A2E /* XCRemoteSwiftPackageReference "SnapKit" */;
			productName = SnapKit;
		};
/* End XCSwiftPackageProductDependency section */
	};
	rootObject = B3B2657629752E2200BD9454 /* Project object */;
}
